
Microsoft Visual Studio Solution File, Format Version 12.00
# Visual Studio Version 17
VisualStudioVersion = 17.8.34309.116
MinimumVisualStudioVersion = 10.0.40219.1
Project("{2150E333-8FDC-42A3-9474-1A3956D46DE8}") = "src", "src", "{9BD21CEA-A0A0-4668-9EAA-A17B66BED5E5}"
EndProject
Project("{2150E333-8FDC-42A3-9474-1A3956D46DE8}") = "Poliklinika", "Poliklinika", "{341E4DBA-8EB8-4255-AC1E-02C5DE9A5C71}"
EndProject
Project("{9A19103F-16F7-4668-BE54-9A1E7A4F7556}") = "Poliklinika.API", "src\Poliklinika\Poliklinika.API\Poliklinika.API.csproj", "{61A0F2AA-0014-4B77-9509-C23E9619CBE8}"
EndProject
Project("{9A19103F-16F7-4668-BE54-9A1E7A4F7556}") = "Poliklinika.Domain", "src\Poliklinika\Poliklinika.Domain\Poliklinika.Domain.csproj", "{E7DA1BA0-A4A3-4AAE-9923-5F3E6EF69C5F}"
EndProject
Project("{9A19103F-16F7-4668-BE54-9A1E7A4F7556}") = "Poliklinika.Application", "src\Poliklinika\Poliklinika.Application\Poliklinika.Application.csproj", "{02E0BC21-3702-450B-B12E-90FD30A14A07}"
EndProject
Project("{9A19103F-16F7-4668-BE54-9A1E7A4F7556}") = "Poliklinika.Infrastructure", "src\Poliklinika\Poliklinika.Infrastructure\Poliklinika.Infrastructure.csproj", "{5632E654-37C4-4ED9-978B-83B0F907091F}"
EndProject
Project("{2150E333-8FDC-42A3-9474-1A3956D46DE8}") = "Bogcha", "Bogcha", "{F9D0073B-B475-4A4F-884E-FDD76C73385C}"
EndProject
Project("{9A19103F-16F7-4668-BE54-9A1E7A4F7556}") = "Bogcha.API", "src\Bogcha\Bogcha.API\Bogcha.API.csproj", "{4BA35C1B-A5A4-45B4-87F6-D26C5D47B311}"
EndProject
Project("{9A19103F-16F7-4668-BE54-9A1E7A4F7556}") = "Bogcha.Domain", "src\Bogcha\Bogcha.Domain\Bogcha.Domain.csproj", "{6D8539A7-2F27-463A-A287-D3587C215E63}"
EndProject
Project("{9A19103F-16F7-4668-BE54-9A1E7A4F7556}") = "Bogcha.Infrastructure", "src\Bogcha\Bogcha.Infrastructure\Bogcha.Infrastructure.csproj", "{AB62CADD-C1B5-4120-AA47-8A5D0152775D}"
EndProject
Project("{9A19103F-16F7-4668-BE54-9A1E7A4F7556}") = "Bogcha.Application", "src\Bogcha\Bogcha.Application\Bogcha.Application.csproj", "{53711062-9532-405D-889C-533A717B41AD}"
EndProject
Project("{2150E333-8FDC-42A3-9474-1A3956D46DE8}") = "BKRPGateWay", "BKRPGateWay", "{1EF89784-6C64-423A-BB81-B88402F75121}"
EndProject
Project("{9A19103F-16F7-4668-BE54-9A1E7A4F7556}") = "BPKRGateway", "src\BKRPGateWay\BPKRGateway\BPKRGateway.csproj", "{E5D867F0-C393-45DB-9427-E00463615E40}"
EndProject
Project("{2150E333-8FDC-42A3-9474-1A3956D46DE8}") = "Kadastr", "Kadastr", "{1FD9D5DA-876C-43D4-BCDA-825FF9C4F375}"
EndProject
Project("{9A19103F-16F7-4668-BE54-9A1E7A4F7556}") = "Kadastr.API", "src\Kadastr\Kadastr.API\Kadastr.API.csproj", "{4A3136F0-901B-450D-B367-E138625BDE48}"
EndProject
Project("{9A19103F-16F7-4668-BE54-9A1E7A4F7556}") = "Kadastr.Domain", "src\Kadastr\Kadastr.Domain\Kadastr.Domain.csproj", "{8ACEC398-DC91-4603-BA97-E647E0A9A30B}"
EndProject
Project("{9A19103F-16F7-4668-BE54-9A1E7A4F7556}") = "Kadastr.Infrastructure", "src\Kadastr\Kadastr.Infrastructure\Kadastr.Infrastructure.csproj", "{0C331A72-8442-4EE7-9A38-2B33234E44B5}"
EndProject
Project("{9A19103F-16F7-4668-BE54-9A1E7A4F7556}") = "Kadastr.Application", "src\Kadastr\Kadastr.Application\Kadastr.Application.csproj", "{0C01C41C-0975-46CC-84AF-D135943AEA52}"
EndProject
Project("{E53339B2-1760-4266-BCC7-CA923CBCF16C}") = "docker-compose", "docker-compose.dcproj", "{2290A93C-34FA-4FF5-8786-14BBDBEA12C3}"
EndProject
Project("{2150E333-8FDC-42A3-9474-1A3956D46DE8}") = "Authorization", "Authorization", "{00BF115E-5F2D-40B1-BE26-32EA8333DEC8}"
EndProject
Project("{FAE04EC0-301F-11D3-BF4B-00C04F79EFBC}") = "Authorization.API", "src\Authorization\Authorization.API\Authorization.API.csproj", "{EC48D44B-409A-4562-8D3C-B8A5C0BDCAE0}"
EndProject
Global
	GlobalSection(SolutionConfigurationPlatforms) = preSolution
		Debug|Any CPU = Debug|Any CPU
		Release|Any CPU = Release|Any CPU
	EndGlobalSection
	GlobalSection(ProjectConfigurationPlatforms) = postSolution
		{61A0F2AA-0014-4B77-9509-C23E9619CBE8}.Debug|Any CPU.ActiveCfg = Debug|Any CPU
		{61A0F2AA-0014-4B77-9509-C23E9619CBE8}.Debug|Any CPU.Build.0 = Debug|Any CPU
		{61A0F2AA-0014-4B77-9509-C23E9619CBE8}.Release|Any CPU.ActiveCfg = Release|Any CPU
		{61A0F2AA-0014-4B77-9509-C23E9619CBE8}.Release|Any CPU.Build.0 = Release|Any CPU
		{E7DA1BA0-A4A3-4AAE-9923-5F3E6EF69C5F}.Debug|Any CPU.ActiveCfg = Debug|Any CPU
		{E7DA1BA0-A4A3-4AAE-9923-5F3E6EF69C5F}.Debug|Any CPU.Build.0 = Debug|Any CPU
		{E7DA1BA0-A4A3-4AAE-9923-5F3E6EF69C5F}.Release|Any CPU.ActiveCfg = Release|Any CPU
		{E7DA1BA0-A4A3-4AAE-9923-5F3E6EF69C5F}.Release|Any CPU.Build.0 = Release|Any CPU
		{02E0BC21-3702-450B-B12E-90FD30A14A07}.Debug|Any CPU.ActiveCfg = Debug|Any CPU
		{02E0BC21-3702-450B-B12E-90FD30A14A07}.Debug|Any CPU.Build.0 = Debug|Any CPU
		{02E0BC21-3702-450B-B12E-90FD30A14A07}.Release|Any CPU.ActiveCfg = Release|Any CPU
		{02E0BC21-3702-450B-B12E-90FD30A14A07}.Release|Any CPU.Build.0 = Release|Any CPU
		{5632E654-37C4-4ED9-978B-83B0F907091F}.Debug|Any CPU.ActiveCfg = Debug|Any CPU
		{5632E654-37C4-4ED9-978B-83B0F907091F}.Debug|Any CPU.Build.0 = Debug|Any CPU
		{5632E654-37C4-4ED9-978B-83B0F907091F}.Release|Any CPU.ActiveCfg = Release|Any CPU
		{5632E654-37C4-4ED9-978B-83B0F907091F}.Release|Any CPU.Build.0 = Release|Any CPU
		{4BA35C1B-A5A4-45B4-87F6-D26C5D47B311}.Debug|Any CPU.ActiveCfg = Debug|Any CPU
		{4BA35C1B-A5A4-45B4-87F6-D26C5D47B311}.Debug|Any CPU.Build.0 = Debug|Any CPU
		{4BA35C1B-A5A4-45B4-87F6-D26C5D47B311}.Release|Any CPU.ActiveCfg = Release|Any CPU
		{4BA35C1B-A5A4-45B4-87F6-D26C5D47B311}.Release|Any CPU.Build.0 = Release|Any CPU
		{6D8539A7-2F27-463A-A287-D3587C215E63}.Debug|Any CPU.ActiveCfg = Debug|Any CPU
		{6D8539A7-2F27-463A-A287-D3587C215E63}.Debug|Any CPU.Build.0 = Debug|Any CPU
		{6D8539A7-2F27-463A-A287-D3587C215E63}.Release|Any CPU.ActiveCfg = Release|Any CPU
		{6D8539A7-2F27-463A-A287-D3587C215E63}.Release|Any CPU.Build.0 = Release|Any CPU
		{AB62CADD-C1B5-4120-AA47-8A5D0152775D}.Debug|Any CPU.ActiveCfg = Debug|Any CPU
		{AB62CADD-C1B5-4120-AA47-8A5D0152775D}.Debug|Any CPU.Build.0 = Debug|Any CPU
		{AB62CADD-C1B5-4120-AA47-8A5D0152775D}.Release|Any CPU.ActiveCfg = Release|Any CPU
		{AB62CADD-C1B5-4120-AA47-8A5D0152775D}.Release|Any CPU.Build.0 = Release|Any CPU
		{53711062-9532-405D-889C-533A717B41AD}.Debug|Any CPU.ActiveCfg = Debug|Any CPU
		{53711062-9532-405D-889C-533A717B41AD}.Debug|Any CPU.Build.0 = Debug|Any CPU
		{53711062-9532-405D-889C-533A717B41AD}.Release|Any CPU.ActiveCfg = Release|Any CPU
		{53711062-9532-405D-889C-533A717B41AD}.Release|Any CPU.Build.0 = Release|Any CPU
		{E5D867F0-C393-45DB-9427-E00463615E40}.Debug|Any CPU.ActiveCfg = Debug|Any CPU
		{E5D867F0-C393-45DB-9427-E00463615E40}.Debug|Any CPU.Build.0 = Debug|Any CPU
		{E5D867F0-C393-45DB-9427-E00463615E40}.Release|Any CPU.ActiveCfg = Release|Any CPU
		{E5D867F0-C393-45DB-9427-E00463615E40}.Release|Any CPU.Build.0 = Release|Any CPU
		{4A3136F0-901B-450D-B367-E138625BDE48}.Debug|Any CPU.ActiveCfg = Debug|Any CPU
		{4A3136F0-901B-450D-B367-E138625BDE48}.Debug|Any CPU.Build.0 = Debug|Any CPU
		{4A3136F0-901B-450D-B367-E138625BDE48}.Release|Any CPU.ActiveCfg = Release|Any CPU
		{4A3136F0-901B-450D-B367-E138625BDE48}.Release|Any CPU.Build.0 = Release|Any CPU
		{8ACEC398-DC91-4603-BA97-E647E0A9A30B}.Debug|Any CPU.ActiveCfg = Debug|Any CPU
		{8ACEC398-DC91-4603-BA97-E647E0A9A30B}.Debug|Any CPU.Build.0 = Debug|Any CPU
		{8ACEC398-DC91-4603-BA97-E647E0A9A30B}.Release|Any CPU.ActiveCfg = Release|Any CPU
		{8ACEC398-DC91-4603-BA97-E647E0A9A30B}.Release|Any CPU.Build.0 = Release|Any CPU
		{0C331A72-8442-4EE7-9A38-2B33234E44B5}.Debug|Any CPU.ActiveCfg = Debug|Any CPU
		{0C331A72-8442-4EE7-9A38-2B33234E44B5}.Debug|Any CPU.Build.0 = Debug|Any CPU
		{0C331A72-8442-4EE7-9A38-2B33234E44B5}.Release|Any CPU.ActiveCfg = Release|Any CPU
		{0C331A72-8442-4EE7-9A38-2B33234E44B5}.Release|Any CPU.Build.0 = Release|Any CPU
		{0C01C41C-0975-46CC-84AF-D135943AEA52}.Debug|Any CPU.ActiveCfg = Debug|Any CPU
		{0C01C41C-0975-46CC-84AF-D135943AEA52}.Debug|Any CPU.Build.0 = Debug|Any CPU
		{0C01C41C-0975-46CC-84AF-D135943AEA52}.Release|Any CPU.ActiveCfg = Release|Any CPU
		{0C01C41C-0975-46CC-84AF-D135943AEA52}.Release|Any CPU.Build.0 = Release|Any CPU
		{2290A93C-34FA-4FF5-8786-14BBDBEA12C3}.Debug|Any CPU.ActiveCfg = Debug|Any CPU
		{2290A93C-34FA-4FF5-8786-14BBDBEA12C3}.Debug|Any CPU.Build.0 = Debug|Any CPU
		{2290A93C-34FA-4FF5-8786-14BBDBEA12C3}.Release|Any CPU.ActiveCfg = Release|Any CPU
		{2290A93C-34FA-4FF5-8786-14BBDBEA12C3}.Release|Any CPU.Build.0 = Release|Any CPU
		{EC48D44B-409A-4562-8D3C-B8A5C0BDCAE0}.Debug|Any CPU.ActiveCfg = Debug|Any CPU
		{EC48D44B-409A-4562-8D3C-B8A5C0BDCAE0}.Debug|Any CPU.Build.0 = Debug|Any CPU
		{EC48D44B-409A-4562-8D3C-B8A5C0BDCAE0}.Release|Any CPU.ActiveCfg = Release|Any CPU
		{EC48D44B-409A-4562-8D3C-B8A5C0BDCAE0}.Release|Any CPU.Build.0 = Release|Any CPU
	EndGlobalSection
	GlobalSection(SolutionProperties) = preSolution
		HideSolutionNode = FALSE
	EndGlobalSection
	GlobalSection(NestedProjects) = preSolution
		{341E4DBA-8EB8-4255-AC1E-02C5DE9A5C71} = {9BD21CEA-A0A0-4668-9EAA-A17B66BED5E5}
		{61A0F2AA-0014-4B77-9509-C23E9619CBE8} = {341E4DBA-8EB8-4255-AC1E-02C5DE9A5C71}
		{E7DA1BA0-A4A3-4AAE-9923-5F3E6EF69C5F} = {341E4DBA-8EB8-4255-AC1E-02C5DE9A5C71}
		{02E0BC21-3702-450B-B12E-90FD30A14A07} = {341E4DBA-8EB8-4255-AC1E-02C5DE9A5C71}
		{5632E654-37C4-4ED9-978B-83B0F907091F} = {341E4DBA-8EB8-4255-AC1E-02C5DE9A5C71}
		{F9D0073B-B475-4A4F-884E-FDD76C73385C} = {9BD21CEA-A0A0-4668-9EAA-A17B66BED5E5}
		{4BA35C1B-A5A4-45B4-87F6-D26C5D47B311} = {F9D0073B-B475-4A4F-884E-FDD76C73385C}
		{6D8539A7-2F27-463A-A287-D3587C215E63} = {F9D0073B-B475-4A4F-884E-FDD76C73385C}
		{AB62CADD-C1B5-4120-AA47-8A5D0152775D} = {F9D0073B-B475-4A4F-884E-FDD76C73385C}
		{53711062-9532-405D-889C-533A717B41AD} = {F9D0073B-B475-4A4F-884E-FDD76C73385C}
		{1EF89784-6C64-423A-BB81-B88402F75121} = {9BD21CEA-A0A0-4668-9EAA-A17B66BED5E5}
		{E5D867F0-C393-45DB-9427-E00463615E40} = {1EF89784-6C64-423A-BB81-B88402F75121}
		{1FD9D5DA-876C-43D4-BCDA-825FF9C4F375} = {9BD21CEA-A0A0-4668-9EAA-A17B66BED5E5}
		{4A3136F0-901B-450D-B367-E138625BDE48} = {1FD9D5DA-876C-43D4-BCDA-825FF9C4F375}
		{8ACEC398-DC91-4603-BA97-E647E0A9A30B} = {1FD9D5DA-876C-43D4-BCDA-825FF9C4F375}
		{0C331A72-8442-4EE7-9A38-2B33234E44B5} = {1FD9D5DA-876C-43D4-BCDA-825FF9C4F375}
		{0C01C41C-0975-46CC-84AF-D135943AEA52} = {1FD9D5DA-876C-43D4-BCDA-825FF9C4F375}
		{00BF115E-5F2D-40B1-BE26-32EA8333DEC8} = {9BD21CEA-A0A0-4668-9EAA-A17B66BED5E5}
		{EC48D44B-409A-4562-8D3C-B8A5C0BDCAE0} = {00BF115E-5F2D-40B1-BE26-32EA8333DEC8}
	EndGlobalSection
	GlobalSection(ExtensibilityGlobals) = postSolution
		SolutionGuid = {A3DF5D23-245C-4A82-AABB-59335FD91F8B}
	EndGlobalSection
EndGlobal
